
Microsoft Visual Studio Solution File, Format Version 12.00
# Visual Studio Version 16
VisualStudioVersion = 16.0.30503.244
MinimumVisualStudioVersion = 10.0.40219.1
Project("{FAE04EC0-301F-11D3-BF4B-00C04F79EFBC}") = "PracticeLinq", "PracticeLinq.csproj", "{D99946B8-4602-4A40-9BBF-2A4FABB03AA1}"
EndProject
Global
	GlobalSection(SolutionConfigurationPlatforms) = preSolution
		Debug|Any CPU = Debug|Any CPU
		Release|Any CPU = Release|Any CPU
	EndGlobalSection
	GlobalSection(ProjectConfigurationPlatforms) = postSolution
		{D99946B8-4602-4A40-9BBF-2A4FABB03AA1}.Debug|Any CPU.ActiveCfg = Debug|Any CPU
		{D99946B8-4602-4A40-9BBF-2A4FABB03AA1}.Debug|Any CPU.Build.0 = Debug|Any CPU
		{D99946B8-4602-4A40-9BBF-2A4FABB03AA1}.Release|Any CPU.ActiveCfg = Release|Any CPU
		{D99946B8-4602-4A40-9BBF-2A4FABB03AA1}.Release|Any CPU.Build.0 = Release|Any CPU
	EndGlobalSection
	GlobalSection(SolutionProperties) = preSolution
		HideSolutionNode = FALSE
	EndGlobalSection
	GlobalSection(ExtensibilityGlobals) = postSolution
		SolutionGuid = {88BAEF31-9BD3-488A-A08C-DEE1234C86CD}
	EndGlobalSection
EndGlobal
